
Microsoft Visual Studio Solution File, Format Version 12.00
# Visual Studio Version 17
VisualStudioVersion = 17.14.37111.16 d17.14
MinimumVisualStudioVersion = 10.0.40219.1
Project("{FAE04EC0-301F-11D3-BF4B-00C04F79EFBC}") = "EduNest_Backend", "EduNest_Backend\EduNest_Backend.csproj", "{C75A0E1B-D060-442B-AADD-282CCAF4DC05}"
EndProject
Project("{FAE04EC0-301F-11D3-BF4B-00C04F79EFBC}") = "BusinessLayer", "BusinessLayer\BusinessLayer.csproj", "{9CC728A5-40B5-463E-831C-6D74ED3603B7}"
EndProject
Project("{FAE04EC0-301F-11D3-BF4B-00C04F79EFBC}") = "DataAccessLayer", "DataAccessLayer\DataAccessLayer.csproj", "{95247666-9BA6-4E1E-962F-C02FEF6C2E47}"
EndProject
Global
	GlobalSection(SolutionConfigurationPlatforms) = preSolution
		Debug|Any CPU = Debug|Any CPU
		Release|Any CPU = Release|Any CPU
	EndGlobalSection
	GlobalSection(ProjectConfigurationPlatforms) = postSolution
		{C75A0E1B-D060-442B-AADD-282CCAF4DC05}.Debug|Any CPU.ActiveCfg = Debug|Any CPU
		{C75A0E1B-D060-442B-AADD-282CCAF4DC05}.Debug|Any CPU.Build.0 = Debug|Any CPU
		{C75A0E1B-D060-442B-AADD-282CCAF4DC05}.Release|Any CPU.ActiveCfg = Release|Any CPU
		{C75A0E1B-D060-442B-AADD-282CCAF4DC05}.Release|Any CPU.Build.0 = Release|Any CPU
		{9CC728A5-40B5-463E-831C-6D74ED3603B7}.Debug|Any CPU.ActiveCfg = Debug|Any CPU
		{9CC728A5-40B5-463E-831C-6D74ED3603B7}.Debug|Any CPU.Build.0 = Debug|Any CPU
		{9CC728A5-40B5-463E-831C-6D74ED3603B7}.Release|Any CPU.ActiveCfg = Release|Any CPU
		{9CC728A5-40B5-463E-831C-6D74ED3603B7}.Release|Any CPU.Build.0 = Release|Any CPU
		{95247666-9BA6-4E1E-962F-C02FEF6C2E47}.Debug|Any CPU.ActiveCfg = Debug|Any CPU
		{95247666-9BA6-4E1E-962F-C02FEF6C2E47}.Debug|Any CPU.Build.0 = Debug|Any CPU
		{95247666-9BA6-4E1E-962F-C02FEF6C2E47}.Release|Any CPU.ActiveCfg = Release|Any CPU
		{95247666-9BA6-4E1E-962F-C02FEF6C2E47}.Release|Any CPU.Build.0 = Release|Any CPU
	EndGlobalSection
	GlobalSection(SolutionProperties) = preSolution
		HideSolutionNode = FALSE
	EndGlobalSection
	GlobalSection(ExtensibilityGlobals) = postSolution
		SolutionGuid = {F1347717-3D29-4258-BCB3-D8C3D02CF40A}
	EndGlobalSection
EndGlobal
